GEM
  remote: https://rubygems.org/
  specs:
    childprocess (4.1.0)
    percy-selenium (1.0.0)
      selenium-webdriver (>= 4.0.0.beta1)
    rexml (3.4.1)
    rubyzip (2.4.1)
    selenium-webdriver (4.0.0)
      childprocess (>= 0.5, < 5.0)
      rexml (~> 3.2, >= 3.2.5)
      rubyzip (>= 1.2.2)

PLATFORMS
  ruby

DEPENDENCIES
  percy-selenium (~> 1.0.0.0.0)
  selenium-webdriver (~> 4.0.0.0)

BUNDLED WITH
   1.17.3
